
Microsoft Visual Studio Solution File, Format Version 12.00
# Visual Studio Version 17
VisualStudioVersion = 17.0.31903.59
MinimumVisualStudioVersion = 10.0.40219.1
Project("{2150E333-8FDC-42A3-9474-1A3956D46DE8}") = "src", "src", "{827E0CD3-B72D-47B6-A68D-7590B98EB39B}"
EndProject
Project("{FAE04EC0-301F-11D3-BF4B-00C04F79EFBC}") = "EasyPanel.Shared.Kernel", "src\EasyPanel.Shared.Kernel\EasyPanel.Shared.Kernel.csproj", "{B6C1D96E-3144-4951-B3C3-88F6CD56C92D}"
EndProject
Project("{FAE04EC0-301F-11D3-BF4B-00C04F79EFBC}") = "EasyPanel.Modules.Tenancy", "src\EasyPanel.Modules.Tenancy\EasyPanel.Modules.Tenancy.csproj", "{94DCD2D7-AC79-4154-B8DB-105106D0EEE2}"
EndProject
Project("{FAE04EC0-301F-11D3-BF4B-00C04F79EFBC}") = "EasyPanel.Modules.Identity", "src\EasyPanel.Modules.Identity\EasyPanel.Modules.Identity.csproj", "{5263C2E8-262C-4FD3-8DCE-08651F4393F5}"
EndProject
Project("{FAE04EC0-301F-11D3-BF4B-00C04F79EFBC}") = "EasyPanel.Modules.Customers", "src\EasyPanel.Modules.Customers\EasyPanel.Modules.Customers.csproj", "{86614845-406D-409D-A0B9-81FCEE38D71D}"
EndProject
Project("{FAE04EC0-301F-11D3-BF4B-00C04F79EFBC}") = "EasyPanel.Modules.Auditing", "src\EasyPanel.Modules.Auditing\EasyPanel.Modules.Auditing.csproj", "{326BEF3F-2995-4873-AC7B-C7FE5E4E93F1}"
EndProject
Project("{FAE04EC0-301F-11D3-BF4B-00C04F79EFBC}") = "EasyPanel.Infrastructure", "src\EasyPanel.Infrastructure\EasyPanel.Infrastructure.csproj", "{369CDCE9-C59A-47DA-8BA5-1C9F722C952C}"
EndProject
Project("{FAE04EC0-301F-11D3-BF4B-00C04F79EFBC}") = "EasyPanel.Api", "src\EasyPanel.Api\EasyPanel.Api.csproj", "{187163CE-3068-4557-99E4-55F315553C79}"
EndProject
Project("{2150E333-8FDC-42A3-9474-1A3956D46DE8}") = "tests", "tests", "{0AB3BF05-4346-4AA6-1389-037BE0695223}"
EndProject
Project("{FAE04EC0-301F-11D3-BF4B-00C04F79EFBC}") = "EasyPanel.UnitTests", "tests\EasyPanel.UnitTests\EasyPanel.UnitTests.csproj", "{1D971073-2BBB-4109-916D-4176898BB2DB}"
EndProject
Project("{FAE04EC0-301F-11D3-BF4B-00C04F79EFBC}") = "EasyPanel.IntegrationTests", "tests\EasyPanel.IntegrationTests\EasyPanel.IntegrationTests.csproj", "{BE996CFD-DFA6-465D-B3D5-18E9C7DD11A6}"
EndProject
Project("{FAE04EC0-301F-11D3-BF4B-00C04F79EFBC}") = "EasyPanel.SecurityTests", "tests\EasyPanel.SecurityTests\EasyPanel.SecurityTests.csproj", "{DAEE408A-885F-4AF4-B1AE-D36380BE6896}"
EndProject
Project("{FAE04EC0-301F-11D3-BF4B-00C04F79EFBC}") = "EasyPanel.Modules.Monitoring", "src\EasyPanel.Modules.Monitoring\EasyPanel.Modules.Monitoring.csproj", "{E3C12DE0-3757-4E6B-940F-B9C07C7B05A1}"
EndProject
Project("{FAE04EC0-301F-11D3-BF4B-00C04F79EFBC}") = "EasyPanel.Modules.Alerting", "src\EasyPanel.Modules.Alerting\EasyPanel.Modules.Alerting.csproj", "{C8529875-312D-4C69-9E8B-2C784AE6901E}"
EndProject
Project("{FAE04EC0-301F-11D3-BF4B-00C04F79EFBC}") = "EasyPanel.Modules.Inventory", "src\EasyPanel.Modules.Inventory\EasyPanel.Modules.Inventory.csproj", "{8CB47B8E-81C6-4513-BF89-2E5EEB3836B3}"
EndProject
Project("{FAE04EC0-301F-11D3-BF4B-00C04F79EFBC}") = "EasyPanel.Modules.Ticketing", "src\EasyPanel.Modules.Ticketing\EasyPanel.Modules.Ticketing.csproj", "{A3B498B9-39DB-4AD9-974B-D04A5C2B304B}"
EndProject
Project("{FAE04EC0-301F-11D3-BF4B-00C04F79EFBC}") = "EasyPanel.Modules.Contracts", "src\EasyPanel.Modules.Contracts\EasyPanel.Modules.Contracts.csproj", "{D558DF90-9924-43DF-A816-CD7EB6C40B35}"
EndProject
Project("{FAE04EC0-301F-11D3-BF4B-00C04F79EFBC}") = "EasyPanel.Modules.Billing", "src\EasyPanel.Modules.Billing\EasyPanel.Modules.Billing.csproj", "{A998C839-EE94-4A95-87AE-B4B6370EA67B}"
EndProject
Project("{FAE04EC0-301F-11D3-BF4B-00C04F79EFBC}") = "EasyPanel.Modules.Reporting", "src\EasyPanel.Modules.Reporting\EasyPanel.Modules.Reporting.csproj", "{172EE243-3AED-43D4-A7EF-6533FCF0D61A}"
EndProject
Project("{FAE04EC0-301F-11D3-BF4B-00C04F79EFBC}") = "EasyPanel.Modules.Portal", "src\EasyPanel.Modules.Portal\EasyPanel.Modules.Portal.csproj", "{7344D6AB-50D4-447A-BE85-4D39905F77A7}"
EndProject
Global
	GlobalSection(SolutionConfigurationPlatforms) = preSolution
		Debug|Any CPU = Debug|Any CPU
		Debug|x64 = Debug|x64
		Debug|x86 = Debug|x86
		Release|Any CPU = Release|Any CPU
		Release|x64 = Release|x64
		Release|x86 = Release|x86
	EndGlobalSection
	GlobalSection(ProjectConfigurationPlatforms) = postSolution
		{B6C1D96E-3144-4951-B3C3-88F6CD56C92D}.Debug|Any CPU.ActiveCfg = Debug|Any CPU
		{B6C1D96E-3144-4951-B3C3-88F6CD56C92D}.Debug|Any CPU.Build.0 = Debug|Any CPU
		{B6C1D96E-3144-4951-B3C3-88F6CD56C92D}.Debug|x64.ActiveCfg = Debug|Any CPU
		{B6C1D96E-3144-4951-B3C3-88F6CD56C92D}.Debug|x64.Build.0 = Debug|Any CPU
		{B6C1D96E-3144-4951-B3C3-88F6CD56C92D}.Debug|x86.ActiveCfg = Debug|Any CPU
		{B6C1D96E-3144-4951-B3C3-88F6CD56C92D}.Debug|x86.Build.0 = Debug|Any CPU
		{B6C1D96E-3144-4951-B3C3-88F6CD56C92D}.Release|Any CPU.ActiveCfg = Release|Any CPU
		{B6C1D96E-3144-4951-B3C3-88F6CD56C92D}.Release|Any CPU.Build.0 = Release|Any CPU
		{B6C1D96E-3144-4951-B3C3-88F6CD56C92D}.Release|x64.ActiveCfg = Release|Any CPU
		{B6C1D96E-3144-4951-B3C3-88F6CD56C92D}.Release|x64.Build.0 = Release|Any CPU
		{B6C1D96E-3144-4951-B3C3-88F6CD56C92D}.Release|x86.ActiveCfg = Release|Any CPU
		{B6C1D96E-3144-4951-B3C3-88F6CD56C92D}.Release|x86.Build.0 = Release|Any CPU
		{94DCD2D7-AC79-4154-B8DB-105106D0EEE2}.Debug|Any CPU.ActiveCfg = Debug|Any CPU
		{94DCD2D7-AC79-4154-B8DB-105106D0EEE2}.Debug|Any CPU.Build.0 = Debug|Any CPU
		{94DCD2D7-AC79-4154-B8DB-105106D0EEE2}.Debug|x64.ActiveCfg = Debug|Any CPU
		{94DCD2D7-AC79-4154-B8DB-105106D0EEE2}.Debug|x64.Build.0 = Debug|Any CPU
		{94DCD2D7-AC79-4154-B8DB-105106D0EEE2}.Debug|x86.ActiveCfg = Debug|Any CPU
		{94DCD2D7-AC79-4154-B8DB-105106D0EEE2}.Debug|x86.Build.0 = Debug|Any CPU
		{94DCD2D7-AC79-4154-B8DB-105106D0EEE2}.Release|Any CPU.ActiveCfg = Release|Any CPU
		{94DCD2D7-AC79-4154-B8DB-105106D0EEE2}.Release|Any CPU.Build.0 = Release|Any CPU
		{94DCD2D7-AC79-4154-B8DB-105106D0EEE2}.Release|x64.ActiveCfg = Release|Any CPU
		{94DCD2D7-AC79-4154-B8DB-105106D0EEE2}.Release|x64.Build.0 = Release|Any CPU
		{94DCD2D7-AC79-4154-B8DB-105106D0EEE2}.Release|x86.ActiveCfg = Release|Any CPU
		{94DCD2D7-AC79-4154-B8DB-105106D0EEE2}.Release|x86.Build.0 = Release|Any CPU
		{5263C2E8-262C-4FD3-8DCE-08651F4393F5}.Debug|Any CPU.ActiveCfg = Debug|Any CPU
		{5263C2E8-262C-4FD3-8DCE-08651F4393F5}.Debug|Any CPU.Build.0 = Debug|Any CPU
		{5263C2E8-262C-4FD3-8DCE-08651F4393F5}.Debug|x64.ActiveCfg = Debug|Any CPU
		{5263C2E8-262C-4FD3-8DCE-08651F4393F5}.Debug|x64.Build.0 = Debug|Any CPU
		{5263C2E8-262C-4FD3-8DCE-08651F4393F5}.Debug|x86.ActiveCfg = Debug|Any CPU
		{5263C2E8-262C-4FD3-8DCE-08651F4393F5}.Debug|x86.Build.0 = Debug|Any CPU
		{5263C2E8-262C-4FD3-8DCE-08651F4393F5}.Release|Any CPU.ActiveCfg = Release|Any CPU
		{5263C2E8-262C-4FD3-8DCE-08651F4393F5}.Release|Any CPU.Build.0 = Release|Any CPU
		{5263C2E8-262C-4FD3-8DCE-08651F4393F5}.Release|x64.ActiveCfg = Release|Any CPU
		{5263C2E8-262C-4FD3-8DCE-08651F4393F5}.Release|x64.Build.0 = Release|Any CPU
		{5263C2E8-262C-4FD3-8DCE-08651F4393F5}.Release|x86.ActiveCfg = Release|Any CPU
		{5263C2E8-262C-4FD3-8DCE-08651F4393F5}.Release|x86.Build.0 = Release|Any CPU
		{86614845-406D-409D-A0B9-81FCEE38D71D}.Debug|Any CPU.ActiveCfg = Debug|Any CPU
		{86614845-406D-409D-A0B9-81FCEE38D71D}.Debug|Any CPU.Build.0 = Debug|Any CPU
		{86614845-406D-409D-A0B9-81FCEE38D71D}.Debug|x64.ActiveCfg = Debug|Any CPU
		{86614845-406D-409D-A0B9-81FCEE38D71D}.Debug|x64.Build.0 = Debug|Any CPU
		{86614845-406D-409D-A0B9-81FCEE38D71D}.Debug|x86.ActiveCfg = Debug|Any CPU
		{86614845-406D-409D-A0B9-81FCEE38D71D}.Debug|x86.Build.0 = Debug|Any CPU
		{86614845-406D-409D-A0B9-81FCEE38D71D}.Release|Any CPU.ActiveCfg = Release|Any CPU
		{86614845-406D-409D-A0B9-81FCEE38D71D}.Release|Any CPU.Build.0 = Release|Any CPU
		{86614845-406D-409D-A0B9-81FCEE38D71D}.Release|x64.ActiveCfg = Release|Any CPU
		{86614845-406D-409D-A0B9-81FCEE38D71D}.Release|x64.Build.0 = Release|Any CPU
		{86614845-406D-409D-A0B9-81FCEE38D71D}.Release|x86.ActiveCfg = Release|Any CPU
		{86614845-406D-409D-A0B9-81FCEE38D71D}.Release|x86.Build.0 = Release|Any CPU
		{326BEF3F-2995-4873-AC7B-C7FE5E4E93F1}.Debug|Any CPU.ActiveCfg = Debug|Any CPU
		{326BEF3F-2995-4873-AC7B-C7FE5E4E93F1}.Debug|Any CPU.Build.0 = Debug|Any CPU
		{326BEF3F-2995-4873-AC7B-C7FE5E4E93F1}.Debug|x64.ActiveCfg = Debug|Any CPU
		{326BEF3F-2995-4873-AC7B-C7FE5E4E93F1}.Debug|x64.Build.0 = Debug|Any CPU
		{326BEF3F-2995-4873-AC7B-C7FE5E4E93F1}.Debug|x86.ActiveCfg = Debug|Any CPU
		{326BEF3F-2995-4873-AC7B-C7FE5E4E93F1}.Debug|x86.Build.0 = Debug|Any CPU
		{326BEF3F-2995-4873-AC7B-C7FE5E4E93F1}.Release|Any CPU.ActiveCfg = Release|Any CPU
		{326BEF3F-2995-4873-AC7B-C7FE5E4E93F1}.Release|Any CPU.Build.0 = Release|Any CPU
		{326BEF3F-2995-4873-AC7B-C7FE5E4E93F1}.Release|x64.ActiveCfg = Release|Any CPU
		{326BEF3F-2995-4873-AC7B-C7FE5E4E93F1}.Release|x64.Build.0 = Release|Any CPU
		{326BEF3F-2995-4873-AC7B-C7FE5E4E93F1}.Release|x86.ActiveCfg = Release|Any CPU
		{326BEF3F-2995-4873-AC7B-C7FE5E4E93F1}.Release|x86.Build.0 = Release|Any CPU
		{369CDCE9-C59A-47DA-8BA5-1C9F722C952C}.Debug|Any CPU.ActiveCfg = Debug|Any CPU
		{369CDCE9-C59A-47DA-8BA5-1C9F722C952C}.Debug|Any CPU.Build.0 = Debug|Any CPU
		{369CDCE9-C59A-47DA-8BA5-1C9F722C952C}.Debug|x64.ActiveCfg = Debug|Any CPU
		{369CDCE9-C59A-47DA-8BA5-1C9F722C952C}.Debug|x64.Build.0 = Debug|Any CPU
		{369CDCE9-C59A-47DA-8BA5-1C9F722C952C}.Debug|x86.ActiveCfg = Debug|Any CPU
		{369CDCE9-C59A-47DA-8BA5-1C9F722C952C}.Debug|x86.Build.0 = Debug|Any CPU
		{369CDCE9-C59A-47DA-8BA5-1C9F722C952C}.Release|Any CPU.ActiveCfg = Release|Any CPU
		{369CDCE9-C59A-47DA-8BA5-1C9F722C952C}.Release|Any CPU.Build.0 = Release|Any CPU
		{369CDCE9-C59A-47DA-8BA5-1C9F722C952C}.Release|x64.ActiveCfg = Release|Any CPU
		{369CDCE9-C59A-47DA-8BA5-1C9F722C952C}.Release|x64.Build.0 = Release|Any CPU
		{369CDCE9-C59A-47DA-8BA5-1C9F722C952C}.Release|x86.ActiveCfg = Release|Any CPU
		{369CDCE9-C59A-47DA-8BA5-1C9F722C952C}.Release|x86.Build.0 = Release|Any CPU
		{187163CE-3068-4557-99E4-55F315553C79}.Debug|Any CPU.ActiveCfg = Debug|Any CPU
		{187163CE-3068-4557-99E4-55F315553C79}.Debug|Any CPU.Build.0 = Debug|Any CPU
		{187163CE-3068-4557-99E4-55F315553C79}.Debug|x64.ActiveCfg = Debug|Any CPU
		{187163CE-3068-4557-99E4-55F315553C79}.Debug|x64.Build.0 = Debug|Any CPU
		{187163CE-3068-4557-99E4-55F315553C79}.Debug|x86.ActiveCfg = Debug|Any CPU
		{187163CE-3068-4557-99E4-55F315553C79}.Debug|x86.Build.0 = Debug|Any CPU
		{187163CE-3068-4557-99E4-55F315553C79}.Release|Any CPU.ActiveCfg = Release|Any CPU
		{187163CE-3068-4557-99E4-55F315553C79}.Release|Any CPU.Build.0 = Release|Any CPU
		{187163CE-3068-4557-99E4-55F315553C79}.Release|x64.ActiveCfg = Release|Any CPU
		{187163CE-3068-4557-99E4-55F315553C79}.Release|x64.Build.0 = Release|Any CPU
		{187163CE-3068-4557-99E4-55F315553C79}.Release|x86.ActiveCfg = Release|Any CPU
		{187163CE-3068-4557-99E4-55F315553C79}.Release|x86.Build.0 = Release|Any CPU
		{1D971073-2BBB-4109-916D-4176898BB2DB}.Debug|Any CPU.ActiveCfg = Debug|Any CPU
		{1D971073-2BBB-4109-916D-4176898BB2DB}.Debug|Any CPU.Build.0 = Debug|Any CPU
		{1D971073-2BBB-4109-916D-4176898BB2DB}.Debug|x64.ActiveCfg = Debug|Any CPU
		{1D971073-2BBB-4109-916D-4176898BB2DB}.Debug|x64.Build.0 = Debug|Any CPU
		{1D971073-2BBB-4109-916D-4176898BB2DB}.Debug|x86.ActiveCfg = Debug|Any CPU
		{1D971073-2BBB-4109-916D-4176898BB2DB}.Debug|x86.Build.0 = Debug|Any CPU
		{1D971073-2BBB-4109-916D-4176898BB2DB}.Release|Any CPU.ActiveCfg = Release|Any CPU
		{1D971073-2BBB-4109-916D-4176898BB2DB}.Release|Any CPU.Build.0 = Release|Any CPU
		{1D971073-2BBB-4109-916D-4176898BB2DB}.Release|x64.ActiveCfg = Release|Any CPU
		{1D971073-2BBB-4109-916D-4176898BB2DB}.Release|x64.Build.0 = Release|Any CPU
		{1D971073-2BBB-4109-916D-4176898BB2DB}.Release|x86.ActiveCfg = Release|Any CPU
		{1D971073-2BBB-4109-916D-4176898BB2DB}.Release|x86.Build.0 = Release|Any CPU
		{BE996CFD-DFA6-465D-B3D5-18E9C7DD11A6}.Debug|Any CPU.ActiveCfg = Debug|Any CPU
		{BE996CFD-DFA6-465D-B3D5-18E9C7DD11A6}.Debug|Any CPU.Build.0 = Debug|Any CPU
		{BE996CFD-DFA6-465D-B3D5-18E9C7DD11A6}.Debug|x64.ActiveCfg = Debug|Any CPU
		{BE996CFD-DFA6-465D-B3D5-18E9C7DD11A6}.Debug|x64.Build.0 = Debug|Any CPU
		{BE996CFD-DFA6-465D-B3D5-18E9C7DD11A6}.Debug|x86.ActiveCfg = Debug|Any CPU
		{BE996CFD-DFA6-465D-B3D5-18E9C7DD11A6}.Debug|x86.Build.0 = Debug|Any CPU
		{BE996CFD-DFA6-465D-B3D5-18E9C7DD11A6}.Release|Any CPU.ActiveCfg = Release|Any CPU
		{BE996CFD-DFA6-465D-B3D5-18E9C7DD11A6}.Release|Any CPU.Build.0 = Release|Any CPU
		{BE996CFD-DFA6-465D-B3D5-18E9C7DD11A6}.Release|x64.ActiveCfg = Release|Any CPU
		{BE996CFD-DFA6-465D-B3D5-18E9C7DD11A6}.Release|x64.Build.0 = Release|Any CPU
		{BE996CFD-DFA6-465D-B3D5-18E9C7DD11A6}.Release|x86.ActiveCfg = Release|Any CPU
		{BE996CFD-DFA6-465D-B3D5-18E9C7DD11A6}.Release|x86.Build.0 = Release|Any CPU
		{DAEE408A-885F-4AF4-B1AE-D36380BE6896}.Debug|Any CPU.ActiveCfg = Debug|Any CPU
		{DAEE408A-885F-4AF4-B1AE-D36380BE6896}.Debug|Any CPU.Build.0 = Debug|Any CPU
		{DAEE408A-885F-4AF4-B1AE-D36380BE6896}.Debug|x64.ActiveCfg = Debug|Any CPU
		{DAEE408A-885F-4AF4-B1AE-D36380BE6896}.Debug|x64.Build.0 = Debug|Any CPU
		{DAEE408A-885F-4AF4-B1AE-D36380BE6896}.Debug|x86.ActiveCfg = Debug|Any CPU
		{DAEE408A-885F-4AF4-B1AE-D36380BE6896}.Debug|x86.Build.0 = Debug|Any CPU
		{DAEE408A-885F-4AF4-B1AE-D36380BE6896}.Release|Any CPU.ActiveCfg = Release|Any CPU
		{DAEE408A-885F-4AF4-B1AE-D36380BE6896}.Release|Any CPU.Build.0 = Release|Any CPU
		{DAEE408A-885F-4AF4-B1AE-D36380BE6896}.Release|x64.ActiveCfg = Release|Any CPU
		{DAEE408A-885F-4AF4-B1AE-D36380BE6896}.Release|x64.Build.0 = Release|Any CPU
		{DAEE408A-885F-4AF4-B1AE-D36380BE6896}.Release|x86.ActiveCfg = Release|Any CPU
		{DAEE408A-885F-4AF4-B1AE-D36380BE6896}.Release|x86.Build.0 = Release|Any CPU
		{E3C12DE0-3757-4E6B-940F-B9C07C7B05A1}.Debug|Any CPU.ActiveCfg = Debug|Any CPU
		{E3C12DE0-3757-4E6B-940F-B9C07C7B05A1}.Debug|Any CPU.Build.0 = Debug|Any CPU
		{E3C12DE0-3757-4E6B-940F-B9C07C7B05A1}.Debug|x64.ActiveCfg = Debug|Any CPU
		{E3C12DE0-3757-4E6B-940F-B9C07C7B05A1}.Debug|x64.Build.0 = Debug|Any CPU
		{E3C12DE0-3757-4E6B-940F-B9C07C7B05A1}.Debug|x86.ActiveCfg = Debug|Any CPU
		{E3C12DE0-3757-4E6B-940F-B9C07C7B05A1}.Debug|x86.Build.0 = Debug|Any CPU
		{E3C12DE0-3757-4E6B-940F-B9C07C7B05A1}.Release|Any CPU.ActiveCfg = Release|Any CPU
		{E3C12DE0-3757-4E6B-940F-B9C07C7B05A1}.Release|Any CPU.Build.0 = Release|Any CPU
		{E3C12DE0-3757-4E6B-940F-B9C07C7B05A1}.Release|x64.ActiveCfg = Release|Any CPU
		{E3C12DE0-3757-4E6B-940F-B9C07C7B05A1}.Release|x64.Build.0 = Release|Any CPU
		{E3C12DE0-3757-4E6B-940F-B9C07C7B05A1}.Release|x86.ActiveCfg = Release|Any CPU
		{E3C12DE0-3757-4E6B-940F-B9C07C7B05A1}.Release|x86.Build.0 = Release|Any CPU
		{C8529875-312D-4C69-9E8B-2C784AE6901E}.Debug|Any CPU.ActiveCfg = Debug|Any CPU
		{C8529875-312D-4C69-9E8B-2C784AE6901E}.Debug|Any CPU.Build.0 = Debug|Any CPU
		{C8529875-312D-4C69-9E8B-2C784AE6901E}.Debug|x64.ActiveCfg = Debug|Any CPU
		{C8529875-312D-4C69-9E8B-2C784AE6901E}.Debug|x64.Build.0 = Debug|Any CPU
		{C8529875-312D-4C69-9E8B-2C784AE6901E}.Debug|x86.ActiveCfg = Debug|Any CPU
		{C8529875-312D-4C69-9E8B-2C784AE6901E}.Debug|x86.Build.0 = Debug|Any CPU
		{C8529875-312D-4C69-9E8B-2C784AE6901E}.Release|Any CPU.ActiveCfg = Release|Any CPU
		{C8529875-312D-4C69-9E8B-2C784AE6901E}.Release|Any CPU.Build.0 = Release|Any CPU
		{C8529875-312D-4C69-9E8B-2C784AE6901E}.Release|x64.ActiveCfg = Release|Any CPU
		{C8529875-312D-4C69-9E8B-2C784AE6901E}.Release|x64.Build.0 = Release|Any CPU
		{C8529875-312D-4C69-9E8B-2C784AE6901E}.Release|x86.ActiveCfg = Release|Any CPU
		{C8529875-312D-4C69-9E8B-2C784AE6901E}.Release|x86.Build.0 = Release|Any CPU
		{8CB47B8E-81C6-4513-BF89-2E5EEB3836B3}.Debug|Any CPU.ActiveCfg = Debug|Any CPU
		{8CB47B8E-81C6-4513-BF89-2E5EEB3836B3}.Debug|Any CPU.Build.0 = Debug|Any CPU
		{8CB47B8E-81C6-4513-BF89-2E5EEB3836B3}.Debug|x64.ActiveCfg = Debug|Any CPU
		{8CB47B8E-81C6-4513-BF89-2E5EEB3836B3}.Debug|x64.Build.0 = Debug|Any CPU
		{8CB47B8E-81C6-4513-BF89-2E5EEB3836B3}.Debug|x86.ActiveCfg = Debug|Any CPU
		{8CB47B8E-81C6-4513-BF89-2E5EEB3836B3}.Debug|x86.Build.0 = Debug|Any CPU
		{8CB47B8E-81C6-4513-BF89-2E5EEB3836B3}.Release|Any CPU.ActiveCfg = Release|Any CPU
		{8CB47B8E-81C6-4513-BF89-2E5EEB3836B3}.Release|Any CPU.Build.0 = Release|Any CPU
		{8CB47B8E-81C6-4513-BF89-2E5EEB3836B3}.Release|x64.ActiveCfg = Release|Any CPU
		{8CB47B8E-81C6-4513-BF89-2E5EEB3836B3}.Release|x64.Build.0 = Release|Any CPU
		{8CB47B8E-81C6-4513-BF89-2E5EEB3836B3}.Release|x86.ActiveCfg = Release|Any CPU
		{8CB47B8E-81C6-4513-BF89-2E5EEB3836B3}.Release|x86.Build.0 = Release|Any CPU
		{A3B498B9-39DB-4AD9-974B-D04A5C2B304B}.Debug|Any CPU.ActiveCfg = Debug|Any CPU
		{A3B498B9-39DB-4AD9-974B-D04A5C2B304B}.Debug|Any CPU.Build.0 = Debug|Any CPU
		{A3B498B9-39DB-4AD9-974B-D04A5C2B304B}.Debug|x64.ActiveCfg = Debug|Any CPU
		{A3B498B9-39DB-4AD9-974B-D04A5C2B304B}.Debug|x64.Build.0 = Debug|Any CPU
		{A3B498B9-39DB-4AD9-974B-D04A5C2B304B}.Debug|x86.ActiveCfg = Debug|Any CPU
		{A3B498B9-39DB-4AD9-974B-D04A5C2B304B}.Debug|x86.Build.0 = Debug|Any CPU
		{A3B498B9-39DB-4AD9-974B-D04A5C2B304B}.Release|Any CPU.ActiveCfg = Release|Any CPU
		{A3B498B9-39DB-4AD9-974B-D04A5C2B304B}.Release|Any CPU.Build.0 = Release|Any CPU
		{A3B498B9-39DB-4AD9-974B-D04A5C2B304B}.Release|x64.ActiveCfg = Release|Any CPU
		{A3B498B9-39DB-4AD9-974B-D04A5C2B304B}.Release|x64.Build.0 = Release|Any CPU
		{A3B498B9-39DB-4AD9-974B-D04A5C2B304B}.Release|x86.ActiveCfg = Release|Any CPU
		{A3B498B9-39DB-4AD9-974B-D04A5C2B304B}.Release|x86.Build.0 = Release|Any CPU
		{D558DF90-9924-43DF-A816-CD7EB6C40B35}.Debug|Any CPU.ActiveCfg = Debug|Any CPU
		{D558DF90-9924-43DF-A816-CD7EB6C40B35}.Debug|Any CPU.Build.0 = Debug|Any CPU
		{D558DF90-9924-43DF-A816-CD7EB6C40B35}.Debug|x64.ActiveCfg = Debug|Any CPU
		{D558DF90-9924-43DF-A816-CD7EB6C40B35}.Debug|x64.Build.0 = Debug|Any CPU
		{D558DF90-9924-43DF-A816-CD7EB6C40B35}.Debug|x86.ActiveCfg = Debug|Any CPU
		{D558DF90-9924-43DF-A816-CD7EB6C40B35}.Debug|x86.Build.0 = Debug|Any CPU
		{D558DF90-9924-43DF-A816-CD7EB6C40B35}.Release|Any CPU.ActiveCfg = Release|Any CPU
		{D558DF90-9924-43DF-A816-CD7EB6C40B35}.Release|Any CPU.Build.0 = Release|Any CPU
		{D558DF90-9924-43DF-A816-CD7EB6C40B35}.Release|x64.ActiveCfg = Release|Any CPU
		{D558DF90-9924-43DF-A816-CD7EB6C40B35}.Release|x64.Build.0 = Release|Any CPU
		{D558DF90-9924-43DF-A816-CD7EB6C40B35}.Release|x86.ActiveCfg = Release|Any CPU
		{D558DF90-9924-43DF-A816-CD7EB6C40B35}.Release|x86.Build.0 = Release|Any CPU
		{A998C839-EE94-4A95-87AE-B4B6370EA67B}.Debug|Any CPU.ActiveCfg = Debug|Any CPU
		{A998C839-EE94-4A95-87AE-B4B6370EA67B}.Debug|Any CPU.Build.0 = Debug|Any CPU
		{A998C839-EE94-4A95-87AE-B4B6370EA67B}.Debug|x64.ActiveCfg = Debug|Any CPU
		{A998C839-EE94-4A95-87AE-B4B6370EA67B}.Debug|x64.Build.0 = Debug|Any CPU
		{A998C839-EE94-4A95-87AE-B4B6370EA67B}.Debug|x86.ActiveCfg = Debug|Any CPU
		{A998C839-EE94-4A95-87AE-B4B6370EA67B}.Debug|x86.Build.0 = Debug|Any CPU
		{A998C839-EE94-4A95-87AE-B4B6370EA67B}.Release|Any CPU.ActiveCfg = Release|Any CPU
		{A998C839-EE94-4A95-87AE-B4B6370EA67B}.Release|Any CPU.Build.0 = Release|Any CPU
		{A998C839-EE94-4A95-87AE-B4B6370EA67B}.Release|x64.ActiveCfg = Release|Any CPU
		{A998C839-EE94-4A95-87AE-B4B6370EA67B}.Release|x64.Build.0 = Release|Any CPU
		{A998C839-EE94-4A95-87AE-B4B6370EA67B}.Release|x86.ActiveCfg = Release|Any CPU
		{A998C839-EE94-4A95-87AE-B4B6370EA67B}.Release|x86.Build.0 = Release|Any CPU
		{172EE243-3AED-43D4-A7EF-6533FCF0D61A}.Debug|Any CPU.ActiveCfg = Debug|Any CPU
		{172EE243-3AED-43D4-A7EF-6533FCF0D61A}.Debug|Any CPU.Build.0 = Debug|Any CPU
		{172EE243-3AED-43D4-A7EF-6533FCF0D61A}.Debug|x64.ActiveCfg = Debug|Any CPU
		{172EE243-3AED-43D4-A7EF-6533FCF0D61A}.Debug|x64.Build.0 = Debug|Any CPU
		{172EE243-3AED-43D4-A7EF-6533FCF0D61A}.Debug|x86.ActiveCfg = Debug|Any CPU
		{172EE243-3AED-43D4-A7EF-6533FCF0D61A}.Debug|x86.Build.0 = Debug|Any CPU
		{172EE243-3AED-43D4-A7EF-6533FCF0D61A}.Release|Any CPU.ActiveCfg = Release|Any CPU
		{172EE243-3AED-43D4-A7EF-6533FCF0D61A}.Release|Any CPU.Build.0 = Release|Any CPU
		{172EE243-3AED-43D4-A7EF-6533FCF0D61A}.Release|x64.ActiveCfg = Release|Any CPU
		{172EE243-3AED-43D4-A7EF-6533FCF0D61A}.Release|x64.Build.0 = Release|Any CPU
		{172EE243-3AED-43D4-A7EF-6533FCF0D61A}.Release|x86.ActiveCfg = Release|Any CPU
		{172EE243-3AED-43D4-A7EF-6533FCF0D61A}.Release|x86.Build.0 = Release|Any CPU
		{7344D6AB-50D4-447A-BE85-4D39905F77A7}.Debug|Any CPU.ActiveCfg = Debug|Any CPU
		{7344D6AB-50D4-447A-BE85-4D39905F77A7}.Debug|Any CPU.Build.0 = Debug|Any CPU
		{7344D6AB-50D4-447A-BE85-4D39905F77A7}.Debug|x64.ActiveCfg = Debug|Any CPU
		{7344D6AB-50D4-447A-BE85-4D39905F77A7}.Debug|x64.Build.0 = Debug|Any CPU
		{7344D6AB-50D4-447A-BE85-4D39905F77A7}.Debug|x86.ActiveCfg = Debug|Any CPU
		{7344D6AB-50D4-447A-BE85-4D39905F77A7}.Debug|x86.Build.0 = Debug|Any CPU
		{7344D6AB-50D4-447A-BE85-4D39905F77A7}.Release|Any CPU.ActiveCfg = Release|Any CPU
		{7344D6AB-50D4-447A-BE85-4D39905F77A7}.Release|Any CPU.Build.0 = Release|Any CPU
		{7344D6AB-50D4-447A-BE85-4D39905F77A7}.Release|x64.ActiveCfg = Release|Any CPU
		{7344D6AB-50D4-447A-BE85-4D39905F77A7}.Release|x64.Build.0 = Release|Any CPU
		{7344D6AB-50D4-447A-BE85-4D39905F77A7}.Release|x86.ActiveCfg = Release|Any CPU
		{7344D6AB-50D4-447A-BE85-4D39905F77A7}.Release|x86.Build.0 = Release|Any CPU
	EndGlobalSection
	GlobalSection(SolutionProperties) = preSolution
		HideSolutionNode = FALSE
	EndGlobalSection
	GlobalSection(NestedProjects) = preSolution
		{B6C1D96E-3144-4951-B3C3-88F6CD56C92D} = {827E0CD3-B72D-47B6-A68D-7590B98EB39B}
		{94DCD2D7-AC79-4154-B8DB-105106D0EEE2} = {827E0CD3-B72D-47B6-A68D-7590B98EB39B}
		{5263C2E8-262C-4FD3-8DCE-08651F4393F5} = {827E0CD3-B72D-47B6-A68D-7590B98EB39B}
		{86614845-406D-409D-A0B9-81FCEE38D71D} = {827E0CD3-B72D-47B6-A68D-7590B98EB39B}
		{326BEF3F-2995-4873-AC7B-C7FE5E4E93F1} = {827E0CD3-B72D-47B6-A68D-7590B98EB39B}
		{369CDCE9-C59A-47DA-8BA5-1C9F722C952C} = {827E0CD3-B72D-47B6-A68D-7590B98EB39B}
		{187163CE-3068-4557-99E4-55F315553C79} = {827E0CD3-B72D-47B6-A68D-7590B98EB39B}
		{1D971073-2BBB-4109-916D-4176898BB2DB} = {0AB3BF05-4346-4AA6-1389-037BE0695223}
		{BE996CFD-DFA6-465D-B3D5-18E9C7DD11A6} = {0AB3BF05-4346-4AA6-1389-037BE0695223}
		{DAEE408A-885F-4AF4-B1AE-D36380BE6896} = {0AB3BF05-4346-4AA6-1389-037BE0695223}
		{E3C12DE0-3757-4E6B-940F-B9C07C7B05A1} = {827E0CD3-B72D-47B6-A68D-7590B98EB39B}
		{C8529875-312D-4C69-9E8B-2C784AE6901E} = {827E0CD3-B72D-47B6-A68D-7590B98EB39B}
		{8CB47B8E-81C6-4513-BF89-2E5EEB3836B3} = {827E0CD3-B72D-47B6-A68D-7590B98EB39B}
		{A3B498B9-39DB-4AD9-974B-D04A5C2B304B} = {827E0CD3-B72D-47B6-A68D-7590B98EB39B}
		{D558DF90-9924-43DF-A816-CD7EB6C40B35} = {827E0CD3-B72D-47B6-A68D-7590B98EB39B}
		{A998C839-EE94-4A95-87AE-B4B6370EA67B} = {827E0CD3-B72D-47B6-A68D-7590B98EB39B}
		{172EE243-3AED-43D4-A7EF-6533FCF0D61A} = {827E0CD3-B72D-47B6-A68D-7590B98EB39B}
		{7344D6AB-50D4-447A-BE85-4D39905F77A7} = {827E0CD3-B72D-47B6-A68D-7590B98EB39B}
	EndGlobalSection
EndGlobal
